
Microsoft Visual Studio Solution File, Format Version 12.00
# Visual Studio Version 16
VisualStudioVersion = 16.0.30717.126
MinimumVisualStudioVersion = 10.0.40219.1
Project("{9A19103F-16F7-4668-BE54-9A1E7A4F7556}") = "BaristaApi", "BaristaApi.csproj", "{EFF85B0B-402B-4405-AE68-A7E8A430456D}"
EndProject
Project("{FAE04EC0-301F-11D3-BF4B-00C04F79EFBC}") = "BaristaAPI.tests", "..\BaristaAPI.tests\BaristaAPI.tests.csproj", "{B1CF4B6B-27C6-402D-B237-44F41884C941}"
EndProject
Global
	GlobalSection(SolutionConfigurationPlatforms) = preSolution
		Debug|Any CPU = Debug|Any CPU
		Release|Any CPU = Release|Any CPU
	EndGlobalSection
	GlobalSection(ProjectConfigurationPlatforms) = postSolution
		{EFF85B0B-402B-4405-AE68-A7E8A430456D}.Debug|Any CPU.ActiveCfg = Debug|Any CPU
		{EFF85B0B-402B-4405-AE68-A7E8A430456D}.Debug|Any CPU.Build.0 = Debug|Any CPU
		{EFF85B0B-402B-4405-AE68-A7E8A430456D}.Release|Any CPU.ActiveCfg = Release|Any CPU
		{EFF85B0B-402B-4405-AE68-A7E8A430456D}.Release|Any CPU.Build.0 = Release|Any CPU
		{B1CF4B6B-27C6-402D-B237-44F41884C941}.Debug|Any CPU.ActiveCfg = Debug|Any CPU
		{B1CF4B6B-27C6-402D-B237-44F41884C941}.Debug|Any CPU.Build.0 = Debug|Any CPU
		{B1CF4B6B-27C6-402D-B237-44F41884C941}.Release|Any CPU.ActiveCfg = Release|Any CPU
		{B1CF4B6B-27C6-402D-B237-44F41884C941}.Release|Any CPU.Build.0 = Release|Any CPU
	EndGlobalSection
	GlobalSection(SolutionProperties) = preSolution
		HideSolutionNode = FALSE
	EndGlobalSection
	GlobalSection(ExtensibilityGlobals) = postSolution
		SolutionGuid = {701B23A9-521A-48ED-AD0D-4DF4F879C2EF}
	EndGlobalSection
EndGlobal
